
Microsoft Visual Studio Solution File, Format Version 12.00
# Visual Studio Version 17
VisualStudioVersion = 17.5.002.0
MinimumVisualStudioVersion = 10.0.40219.1
Project("{9A19103F-16F7-4668-BE54-9A1E7A4F7556}") = "mobiletelemetry", "mobiletelemetry.csproj", "{C90EAC90-403E-477A-AF62-8F1664C29B29}"
EndProject
Global
	GlobalSection(SolutionConfigurationPlatforms) = preSolution
		Debug|Any CPU = Debug|Any CPU
		Release|Any CPU = Release|Any CPU
	EndGlobalSection
	GlobalSection(ProjectConfigurationPlatforms) = postSolution
		{C90EAC90-403E-477A-AF62-8F1664C29B29}.Debug|Any CPU.ActiveCfg = Debug|Any CPU
		{C90EAC90-403E-477A-AF62-8F1664C29B29}.Debug|Any CPU.Build.0 = Debug|Any CPU
		{C90EAC90-403E-477A-AF62-8F1664C29B29}.Release|Any CPU.ActiveCfg = Release|Any CPU
		{C90EAC90-403E-477A-AF62-8F1664C29B29}.Release|Any CPU.Build.0 = Release|Any CPU
	EndGlobalSection
	GlobalSection(SolutionProperties) = preSolution
		HideSolutionNode = FALSE
	EndGlobalSection
	GlobalSection(ExtensibilityGlobals) = postSolution
		SolutionGuid = {BE61DEDF-709E-4A8A-A225-34847E8DC0B7}
	EndGlobalSection
EndGlobal
